{
  "version": "2",
  "remote": {
    "https://deno.land/std@0.176.0/_util/asserts.ts": "178dfc49a464aee693a7e285567b3d0b555dc805ff490505a8aae34f9cfb1462",
    "https://deno.land/std@0.176.0/_util/os.ts": "d932f56d41e4f6a6093d56044e29ce637f8dcc43c5a90af43504a889cf1775e3",
    "https://deno.land/std@0.176.0/async/abortable.ts": "73acfb3ed7261ce0d930dbe89e43db8d34e017b063cf0eaa7d215477bf53442e",
    "https://deno.land/std@0.176.0/async/deadline.ts": "b98e50d2c42399af03ad13bbb8cf59dadb9f0cd5d70648cc0c3b9202d75ab565",
    "https://deno.land/std@0.176.0/async/debounce.ts": "adab11d04ca38d699444ac8a9d9856b4155e8dda2afd07ce78276c01ea5a4332",
    "https://deno.land/std@0.176.0/async/deferred.ts": "42790112f36a75a57db4a96d33974a936deb7b04d25c6084a9fa8a49f135def8",
    "https://deno.land/std@0.176.0/async/delay.ts": "73aa04cec034c84fc748c7be49bb15cac3dd43a57174bfdb7a4aec22c248f0dd",
    "https://deno.land/std@0.176.0/async/mod.ts": "f04344fa21738e5ad6bea37a6bfffd57c617c2d372bb9f9dcfd118a1b622e576",
    "https://deno.land/std@0.176.0/async/mux_async_iterator.ts": "70c7f2ee4e9466161350473ad61cac0b9f115cff4c552eaa7ef9d50c4cbb4cc9",
    "https://deno.land/std@0.176.0/async/pool.ts": "fd082bd4aaf26445909889435a5c74334c017847842ec035739b4ae637ae8260",
    "https://deno.land/std@0.176.0/async/retry.ts": "5efa3ba450ac0c07a40a82e2df296287b5013755d232049efd7ea2244f15b20f",
    "https://deno.land/std@0.176.0/async/tee.ts": "47e42d35f622650b02234d43803d0383a89eb4387e1b83b5a40106d18ae36757",
    "https://deno.land/std@0.176.0/bytes/copy.ts": "939d89e302a9761dcf1d9c937c7711174ed74c59eef40a1e4569a05c9de88219",
    "https://deno.land/std@0.176.0/collections/_utils.ts": "5114abc026ddef71207a79609b984614e66a63a4bda17d819d56b0e72c51527e",
    "https://deno.land/std@0.176.0/collections/deep_merge.ts": "5a8ed29030f4471a5272785c57c3455fa79697b9a8f306013a8feae12bafc99a",
    "https://deno.land/std@0.176.0/collections/filter_values.ts": "5b9feaf17b9a6e5ffccdd36cf6f38fa4ffa94cff2602d381c2ad0c2a97929652",
    "https://deno.land/std@0.176.0/collections/without_all.ts": "a89f5da0b5830defed4f59666e188df411d8fece35a5f6ca69be6ca71a95c185",
    "https://deno.land/std@0.176.0/dotenv/mod.ts": "8dcbc8a40b896a0bf094582aaeadbfc76d3528872faf2efc0302beb1d2f6afd0",
    "https://deno.land/std@0.176.0/encoding/base64.ts": "7de04c2f8aeeb41453b09b186480be90f2ff357613b988e99fabb91d2eeceba1",
    "https://deno.land/std@0.176.0/fmt/colors.ts": "938c5d44d889fb82eff6c358bea8baa7e85950a16c9f6dae3ec3a7a729164471",
    "https://deno.land/std@0.176.0/fmt/printf.ts": "e5b426cd6ad13df5d408e9c375c025d59de30e380c5534715bd892df874ab057",
    "https://deno.land/std@0.176.0/fs/_util.ts": "65381f341af1ff7f40198cee15c20f59951ac26e51ddc651c5293e24f9ce6f32",
    "https://deno.land/std@0.176.0/fs/copy.ts": "14214efd94fc3aa6db1e4af2b4b9578e50f7362b7f3725d5a14ad259a5df26c8",
    "https://deno.land/std@0.176.0/fs/empty_dir.ts": "c3d2da4c7352fab1cf144a1ecfef58090769e8af633678e0f3fabaef98594688",
    "https://deno.land/std@0.176.0/fs/ensure_dir.ts": "724209875497a6b4628dfb256116e5651c4f7816741368d6c44aab2531a1e603",
    "https://deno.land/std@0.176.0/fs/ensure_file.ts": "c38602670bfaf259d86ca824a94e6cb9e5eb73757fefa4ebf43a90dd017d53d9",
    "https://deno.land/std@0.176.0/fs/ensure_link.ts": "c0f5b2f0ec094ed52b9128eccb1ee23362a617457aa0f699b145d4883f5b2fb4",
    "https://deno.land/std@0.176.0/fs/ensure_symlink.ts": "2955cc8332aeca9bdfefd05d8d3976b94e282b0f353392a71684808ed2ffdd41",
    "https://deno.land/std@0.176.0/fs/eol.ts": "f1f2eb348a750c34500741987b21d65607f352cf7205f48f4319d417fff42842",
    "https://deno.land/std@0.176.0/fs/exists.ts": "b8c8a457b71e9d7f29b9d2f87aad8dba2739cbe637e8926d6ba6e92567875f8e",
    "https://deno.land/std@0.176.0/fs/expand_glob.ts": "45d17e89796a24bd6002e4354eda67b4301bb8ba67d2cac8453cdabccf1d9ab0",
    "https://deno.land/std@0.176.0/fs/mod.ts": "bc3d0acd488cc7b42627044caf47d72019846d459279544e1934418955ba4898",
    "https://deno.land/std@0.176.0/fs/move.ts": "4cb47f880e3f0582c55e71c9f8b1e5e8cfaacb5e84f7390781dd563b7298ec19",
    "https://deno.land/std@0.176.0/fs/walk.ts": "ea95ffa6500c1eda6b365be488c056edc7c883a1db41ef46ec3bf057b1c0fe32",
    "https://deno.land/std@0.176.0/http/server.ts": "cbb17b594651215ba95c01a395700684e569c165a567e4e04bba327f41197433",
    "https://deno.land/std@0.176.0/io/buf_writer.ts": "759c69d304b04d2909976f2a03a24a107276fbd81ed13593c5c2d43d104b52f3",
    "https://deno.land/std@0.176.0/io/buffer.ts": "e2b7564f684dad625cab08f5106f33572d325705d19a36822b3272fbdfb8f726",
    "https://deno.land/std@0.176.0/io/string_reader.ts": "ad9cbecb8509732afcf3d73bb72fa551ec0ccc34f9b8127826247f0190753a65",
    "https://deno.land/std@0.176.0/log/handlers.ts": "38871ecbfa67b0d39dc3384210439ac9a13cba6118b912236f9011b5989b9a4d",
    "https://deno.land/std@0.176.0/log/levels.ts": "6309147664e9e008cd6671610f2505c4c95f181f6bae4816a84b33e0aec66859",
    "https://deno.land/std@0.176.0/log/logger.ts": "257ceb47e3f5f872068073de9809b015a7400e8d86dd40563c1d80169e578f71",
    "https://deno.land/std@0.176.0/log/mod.ts": "36d156ad18de3f1806c6ddafa4965129be99ccafc27f1813de528d65b6c528bf",
    "https://deno.land/std@0.176.0/path/_constants.ts": "e49961f6f4f48039c0dfed3c3f93e963ca3d92791c9d478ac5b43183413136e0",
    "https://deno.land/std@0.176.0/path/_interface.ts": "6471159dfbbc357e03882c2266d21ef9afdb1e4aa771b0545e90db58a0ba314b",
    "https://deno.land/std@0.176.0/path/_util.ts": "d7abb1e0dea065f427b89156e28cdeb32b045870acdf865833ba808a73b576d0",
    "https://deno.land/std@0.176.0/path/common.ts": "ee7505ab01fd22de3963b64e46cff31f40de34f9f8de1fff6a1bd2fe79380000",
    "https://deno.land/std@0.176.0/path/glob.ts": "d479e0a695621c94d3fd7fe7abd4f9499caf32a8de13f25073451c6ef420a4e1",
    "https://deno.land/std@0.176.0/path/mod.ts": "4b83694ac500d7d31b0cdafc927080a53dc0c3027eb2895790fb155082b0d232",
    "https://deno.land/std@0.176.0/path/posix.ts": "8b7c67ac338714b30c816079303d0285dd24af6b284f7ad63da5b27372a2c94d",
    "https://deno.land/std@0.176.0/path/separator.ts": "0fb679739d0d1d7bf45b68dacfb4ec7563597a902edbaf3c59b50d5bcadd93b1",
    "https://deno.land/std@0.176.0/path/win32.ts": "d186344e5583bcbf8b18af416d13d82b35a317116e6460a5a3953508c3de5bba",
    "https://deno.land/std@0.176.0/semver/mod.ts": "2b35263864657d3cfd83d3a952997617ff42d8917733465f7a2578e3018da1af",
    "https://deno.land/std@0.176.0/streams/_common.ts": "f45cba84f0d813de3326466095539602364a9ba521f804cc758f7a475cda692d",
    "https://deno.land/std@0.176.0/streams/readable_stream_from_reader.ts": "9aceaeefa9e04b08f56b2d07272baedc3b6432840b66198d72fa2ada3e6608ea",
    "https://deno.land/std@0.188.0/_util/asserts.ts": "178dfc49a464aee693a7e285567b3d0b555dc805ff490505a8aae34f9cfb1462",
    "https://deno.land/std@0.188.0/_util/os.ts": "d932f56d41e4f6a6093d56044e29ce637f8dcc43c5a90af43504a889cf1775e3",
    "https://deno.land/std@0.188.0/bytes/copy.ts": "939d89e302a9761dcf1d9c937c7711174ed74c59eef40a1e4569a05c9de88219",
    "https://deno.land/std@0.188.0/collections/_utils.ts": "5114abc026ddef71207a79609b984614e66a63a4bda17d819d56b0e72c51527e",
    "https://deno.land/std@0.188.0/collections/deep_merge.ts": "5a8ed29030f4471a5272785c57c3455fa79697b9a8f306013a8feae12bafc99a",
    "https://deno.land/std@0.188.0/fmt/colors.ts": "d67e3cd9f472535241a8e410d33423980bec45047e343577554d3356e1f0ef4e",
    "https://deno.land/std@0.188.0/fmt/printf.ts": "e5b426cd6ad13df5d408e9c375c025d59de30e380c5534715bd892df874ab057",
    "https://deno.land/std@0.188.0/fs/_util.ts": "579038bebc3bd35c43a6a7766f7d91fbacdf44bc03468e9d3134297bb99ed4f9",
    "https://deno.land/std@0.188.0/fs/copy.ts": "14214efd94fc3aa6db1e4af2b4b9578e50f7362b7f3725d5a14ad259a5df26c8",
    "https://deno.land/std@0.188.0/fs/empty_dir.ts": "c3d2da4c7352fab1cf144a1ecfef58090769e8af633678e0f3fabaef98594688",
    "https://deno.land/std@0.188.0/fs/ensure_dir.ts": "dc64c4c75c64721d4e3fb681f1382f803ff3d2868f08563ff923fdd20d071c40",
    "https://deno.land/std@0.188.0/fs/ensure_file.ts": "c38602670bfaf259d86ca824a94e6cb9e5eb73757fefa4ebf43a90dd017d53d9",
    "https://deno.land/std@0.188.0/fs/ensure_link.ts": "c0f5b2f0ec094ed52b9128eccb1ee23362a617457aa0f699b145d4883f5b2fb4",
    "https://deno.land/std@0.188.0/fs/ensure_symlink.ts": "5006ab2f458159c56d689b53b1e48d57e05eeb1eaf64e677f7f76a30bc4fdba1",
    "https://deno.land/std@0.188.0/fs/eol.ts": "f1f2eb348a750c34500741987b21d65607f352cf7205f48f4319d417fff42842",
    "https://deno.land/std@0.188.0/fs/exists.ts": "29c26bca8584a22876be7cb8844f1b6c8fc35e9af514576b78f5c6884d7ed02d",
    "https://deno.land/std@0.188.0/fs/expand_glob.ts": "e4f56259a0a70fe23f05215b00de3ac5e6ba46646ab2a06ebbe9b010f81c972a",
    "https://deno.land/std@0.188.0/fs/mod.ts": "bc3d0acd488cc7b42627044caf47d72019846d459279544e1934418955ba4898",
    "https://deno.land/std@0.188.0/fs/move.ts": "b4f8f46730b40c32ea3c0bc8eb0fd0e8139249a698883c7b3756424cf19785c9",
    "https://deno.land/std@0.188.0/fs/walk.ts": "920be35a7376db6c0b5b1caf1486fb962925e38c9825f90367f8f26b5e5d0897",
    "https://deno.land/std@0.188.0/io/buf_writer.ts": "48c33c8f00b61dcbc7958706741cec8e59810bd307bc6a326cbd474fe8346dfd",
    "https://deno.land/std@0.188.0/log/handlers.ts": "38871ecbfa67b0d39dc3384210439ac9a13cba6118b912236f9011b5989b9a4d",
    "https://deno.land/std@0.188.0/log/levels.ts": "6309147664e9e008cd6671610f2505c4c95f181f6bae4816a84b33e0aec66859",
    "https://deno.land/std@0.188.0/log/logger.ts": "257ceb47e3f5f872068073de9809b015a7400e8d86dd40563c1d80169e578f71",
    "https://deno.land/std@0.188.0/log/mod.ts": "36d156ad18de3f1806c6ddafa4965129be99ccafc27f1813de528d65b6c528bf",
    "https://deno.land/std@0.188.0/path/_constants.ts": "e49961f6f4f48039c0dfed3c3f93e963ca3d92791c9d478ac5b43183413136e0",
    "https://deno.land/std@0.188.0/path/_interface.ts": "6471159dfbbc357e03882c2266d21ef9afdb1e4aa771b0545e90db58a0ba314b",
    "https://deno.land/std@0.188.0/path/_util.ts": "d7abb1e0dea065f427b89156e28cdeb32b045870acdf865833ba808a73b576d0",
    "https://deno.land/std@0.188.0/path/common.ts": "ee7505ab01fd22de3963b64e46cff31f40de34f9f8de1fff6a1bd2fe79380000",
    "https://deno.land/std@0.188.0/path/glob.ts": "d479e0a695621c94d3fd7fe7abd4f9499caf32a8de13f25073451c6ef420a4e1",
    "https://deno.land/std@0.188.0/path/mod.ts": "ee161baec5ded6510ee1d1fb6a75a0f5e4b41f3f3301c92c716ecbdf7dae910d",
    "https://deno.land/std@0.188.0/path/posix.ts": "8b7c67ac338714b30c816079303d0285dd24af6b284f7ad63da5b27372a2c94d",
    "https://deno.land/std@0.188.0/path/separator.ts": "0fb679739d0d1d7bf45b68dacfb4ec7563597a902edbaf3c59b50d5bcadd93b1",
    "https://deno.land/std@0.188.0/path/win32.ts": "d186344e5583bcbf8b18af416d13d82b35a317116e6460a5a3953508c3de5bba",
    "https://deno.land/std@0.193.0/semver/_shared.ts": "8547ccf91b36c30fb2a8a17d7081df13f4ae694c4aa44c39799eba69ad0dcb23",
    "https://deno.land/std@0.193.0/semver/cmp.ts": "4faca58ad459a8c7663ac84ed8410fb5cf932042969f5c25d285f319456d55c1",
    "https://deno.land/std@0.193.0/semver/comparator_format.ts": "329e05d914c064590ded4801fc601bf1c5d0f461c5524b1578e10f180551ef6f",
    "https://deno.land/std@0.193.0/semver/comparator_intersects.ts": "61920121a6c1600306dbcf8944c4cc55e45c3a1bdbefe41b79a0884bf02d9e1b",
    "https://deno.land/std@0.193.0/semver/comparator_max.ts": "f4cc5f528abd8aab68c66bbead732e3c59102b13a318cd8e4f8a47aa3debec76",
    "https://deno.land/std@0.193.0/semver/comparator_min.ts": "eea382428ebf0c50168f780898df8519c88da5a10d1f8babbfebdc89fb75942e",
    "https://deno.land/std@0.193.0/semver/compare.ts": "503bb7b0ca67b722a0a8a5570486c20eb27ed9bc2316f25699fbd6317a3233ac",
    "https://deno.land/std@0.193.0/semver/compare_build.ts": "dc315387ffba691206be83bb4195dff23af6df9983cf8dfb91c29e3f62b9bdca",
    "https://deno.land/std@0.193.0/semver/constants.ts": "bb0c7652c433c7ec1dad5bf18c7e7e1557efe9ddfd5e70aa6305153e76dc318c",
    "https://deno.land/std@0.193.0/semver/difference.ts": "b86b72f75308c0ab78a41bc676bdca0d933d75e0be8b06dafdc393689e70497f",
    "https://deno.land/std@0.193.0/semver/eq.ts": "b8fc7184507423a2448f4b052fc4d9090bf316807b3c9c930afc3775d7a3f3a5",
    "https://deno.land/std@0.193.0/semver/format.ts": "236cc8b5d2e8031258dcff3ca89e14ba926434d5b789730e2c781db172e76bd9",
    "https://deno.land/std@0.193.0/semver/gt.ts": "2f20b21456179b3ac034656a09b5c259bf52dc2626a941ca038be5d201c415be",
    "https://deno.land/std@0.193.0/semver/gte.ts": "d1ed0195a2b38ef0df586374eac4ad860d3b7e181ec1683e734912ce795aaddb",
    "https://deno.land/std@0.193.0/semver/gtr.ts": "b0442acf1d52ceb337ec4f82afaa0da3b5251a9a08f4f0b8839ca4629d617078",
    "https://deno.land/std@0.193.0/semver/increment.ts": "e41ffc906ea1d57e66987aa1b18ba1d0223d6fb0cd806448d012e4f8117e8513",
    "https://deno.land/std@0.193.0/semver/is_semver.ts": "0257f596d8ee33796bd2e46347e0c31030e55b3719bc72fe5258a1e9f9c7e227",
    "https://deno.land/std@0.193.0/semver/is_semver_comparator.ts": "120ad68896e3481dbcda81ddd914c10d3fc891fe62cc99028cb69ebfa6c1427c",
    "https://deno.land/std@0.193.0/semver/is_semver_range.ts": "0ea096e1edcb8e95200d3bee549c97b53e93ac60d4c2b3601ad7a01f27a0f4da",
    "https://deno.land/std@0.193.0/semver/lt.ts": "c8711ffa1c40a3f98921b9bf0d80b59970d8cbc0a12696ebccacf6bccfa9dcc8",
    "https://deno.land/std@0.193.0/semver/lte.ts": "721e5f9d353ecea757c1d5d42f4f6699d46cd24cdbd45b2bf88efdf82c0eaac4",
    "https://deno.land/std@0.193.0/semver/ltr.ts": "2a10f426605408adcb6cb62e65e871eb6b235d74cbcc2160e58207751e7ca11d",
    "https://deno.land/std@0.193.0/semver/max_satisfying.ts": "a8c550100582a9ad2f68026edef8a5ed09debbda0a65d28dceea302508aee41a",
    "https://deno.land/std@0.193.0/semver/min_satisfying.ts": "04331cc956f55bc6d14f911ff2561dbab81e1218bfe6a080fe520b999e33e693",
    "https://deno.land/std@0.193.0/semver/mod.ts": "79eaeb8015f3f34a34b1e2a98f524dbd5a9a5d7fa1d977cdfc5d6157965e8920",
    "https://deno.land/std@0.193.0/semver/neq.ts": "c4116ac01149c4c090bdb5da2bbf946d1f9d74634c97486f3d7e55e75bb35bb0",
    "https://deno.land/std@0.193.0/semver/outside.ts": "3ca074513c6f5ac4b3e9c0eda2deb3a83cdfcecc589f1ec69786d41f47885a89",
    "https://deno.land/std@0.193.0/semver/parse.ts": "190dab1b5231da1fa6ec40567f58550209e7304dcb655fd8ae46eb7c2966a82b",
    "https://deno.land/std@0.193.0/semver/parse_comparator.ts": "f07f9be8322b1f61a36b94c3c65a0dc4124958ee54cf744c92ca4028bf156d5e",
    "https://deno.land/std@0.193.0/semver/parse_range.ts": "39a18608a8026004b218ef383e7ae624a9e663b82327948c1810f16d875113c2",
    "https://deno.land/std@0.193.0/semver/range_format.ts": "3de31fd0b74dd565e052840e73a8e9ee1d9d289ca60b85749167710b978cc078",
    "https://deno.land/std@0.193.0/semver/range_intersects.ts": "e646300d9a10868ae51dc70399c1eee31a503f24610506146eadbeac6bcc6777",
    "https://deno.land/std@0.193.0/semver/range_max.ts": "9c10c65bbc7796347ce6f765a77865cead88870d17481ac78259400a2378af2e",
    "https://deno.land/std@0.193.0/semver/range_min.ts": "b7849e70e0b0677b382eddaa822b6690521449a659c5b8ec84cbd438f6e6ca59",
    "https://deno.land/std@0.193.0/semver/rcompare.ts": "fe4e95bf671bd119df89bc4dd9ceb3fdcc95bad543a78fa3b8ae67ce6b54bc03",
    "https://deno.land/std@0.193.0/semver/rsort.ts": "d4bfa2b9fffa6e1afddeead68c7cb470ed932b3846acf45eccde2b46be021644",
    "https://deno.land/std@0.193.0/semver/sort.ts": "301d18f7f96f9e46bb6d0327d3d97579fa2d49558c185a0a5035b8e6fbd4a73b",
    "https://deno.land/std@0.193.0/semver/test_comparator.ts": "eff5394cb82d133ed18f96fe547de7e7264bf0d25d16cbc6126664aa06ef8f37",
    "https://deno.land/std@0.193.0/semver/test_range.ts": "b236c276268e92bbbc65e7c4b4b6b685ea6b4534a71b2525b53093d094f631c6",
    "https://deno.land/std@0.193.0/semver/try_parse.ts": "fc7eeafc18686563b0cc35b518eda57690e513e634527a0ff48c600ba7798ce4",
    "https://deno.land/std@0.193.0/semver/try_parse_range.ts": "49be2271c4c07374fc2d986d5212fab7bb1f49daa485141e9bedd78d851ca5ca",
    "https://deno.land/std@0.193.0/semver/types.ts": "d44f442c2f27dd89bd6695b369e310b80549746f03c38f241fe28a83b33dd429",
    "https://deno.land/std@0.97.0/_util/assert.ts": "2f868145a042a11d5ad0a3c748dcf580add8a0dbc0e876eaa0026303a5488f58",
    "https://deno.land/std@0.97.0/_util/os.ts": "e282950a0eaa96760c0cf11e7463e66babd15ec9157d4c9ed49cc0925686f6a7",
    "https://deno.land/std@0.97.0/encoding/base64.ts": "eecae390f1f1d1cae6f6c6d732ede5276bf4b9cd29b1d281678c054dc5cc009e",
    "https://deno.land/std@0.97.0/encoding/hex.ts": "f952e0727bddb3b2fd2e6889d104eacbd62e92091f540ebd6459317a61932d9b",
    "https://deno.land/std@0.97.0/fmt/colors.ts": "db22b314a2ae9430ae7460ce005e0a7130e23ae1c999157e3bb77cf55800f7e4",
    "https://deno.land/std@0.97.0/fs/_util.ts": "f2ce811350236ea8c28450ed822a5f42a0892316515b1cd61321dec13569c56b",
    "https://deno.land/std@0.97.0/fs/ensure_dir.ts": "b7c103dc41a3d1dbbb522bf183c519c37065fdc234831a4a0f7d671b1ed5fea7",
    "https://deno.land/std@0.97.0/fs/exists.ts": "b0d2e31654819cc2a8d37df45d6b14686c0cc1d802e9ff09e902a63e98b85a00",
    "https://deno.land/std@0.97.0/hash/_wasm/hash.ts": "cb6ad1ab429f8ac9d6eae48f3286e08236d662e1a2e5cfd681ba1c0f17375895",
    "https://deno.land/std@0.97.0/hash/_wasm/wasm.js": "94b1b997ae6fb4e6d2156bcea8f79cfcd1e512a91252b08800a92071e5e84e1a",
    "https://deno.land/std@0.97.0/hash/mod.ts": "5d032bd34186cda2f8d17fc122d621430953a6030d4b3f11172004715e3e2441",
    "https://deno.land/std@0.97.0/path/_constants.ts": "1247fee4a79b70c89f23499691ef169b41b6ccf01887a0abd131009c5581b853",
    "https://deno.land/std@0.97.0/path/_interface.ts": "1fa73b02aaa24867e481a48492b44f2598cd9dfa513c7b34001437007d3642e4",
    "https://deno.land/std@0.97.0/path/_util.ts": "2e06a3b9e79beaf62687196bd4b60a4c391d862cfa007a20fc3a39f778ba073b",
    "https://deno.land/std@0.97.0/path/common.ts": "eaf03d08b569e8a87e674e4e265e099f237472b6fd135b3cbeae5827035ea14a",
    "https://deno.land/std@0.97.0/path/glob.ts": "314ad9ff263b895795208cdd4d5e35a44618ca3c6dd155e226fb15d065008652",
    "https://deno.land/std@0.97.0/path/mod.ts": "4465dc494f271b02569edbb4a18d727063b5dbd6ed84283ff906260970a15d12",
    "https://deno.land/std@0.97.0/path/posix.ts": "f56c3c99feb47f30a40ce9d252ef6f00296fa7c0fcb6dd81211bdb3b8b99ca3b",
    "https://deno.land/std@0.97.0/path/separator.ts": "8fdcf289b1b76fd726a508f57d3370ca029ae6976fcde5044007f062e643ff1c",
    "https://deno.land/std@0.97.0/path/win32.ts": "77f7b3604e0de40f3a7c698e8a79e7f601dc187035a1c21cb1e596666ce112f8",
    "https://deno.land/x/cache@0.2.13/cache.ts": "4005aad54fb9aac9ff02526ffa798032e57f2d7966905fdeb7949263b1c95f2f",
    "https://deno.land/x/cache@0.2.13/deps.ts": "6f14e76a1a09f329e3f3830c6e72bd10b53a89a75769d5ea886e5d8603e503e6",
    "https://deno.land/x/cache@0.2.13/directories.ts": "ef48531cab3f827252e248596d15cede0de179a2fb15392ae24cf8034519994f",
    "https://deno.land/x/cache@0.2.13/file.ts": "5abe7d80c6ac594c98e66eb4262962139f48cd9c49dbe2a77e9608760508a09a",
    "https://deno.land/x/cache@0.2.13/file_fetcher.ts": "5c793cc83a5b9377679ec313b2a2321e51bf7ed15380fa82d387f1cdef3b924f",
    "https://deno.land/x/cache@0.2.13/helpers.ts": "d1545d6432277b7a0b5ea254d1c51d572b6452a8eadd9faa7ad9c5586a1725c4",
    "https://deno.land/x/cache@0.2.13/mod.ts": "3188250d3a013ef6c9eb060e5284cf729083af7944a29e60bb3d8597dd20ebcd",
    "https://deno.land/x/crayon@3.3.2/mod.ts": "82ad225583a483c4837577971629cddaa22614093af8353da6426b9366de9780",
    "https://deno.land/x/crayon@3.3.2/src/conversions.ts": "9bfd3b1fbe412bcba092890ac558b6beaad4c3aa399cd99d45fadb324d28afd6",
    "https://deno.land/x/crayon@3.3.2/src/crayon.ts": "66baa0847531496ebae49ee31f56491010d83345d538240c31bbb59b2da0b2d4",
    "https://deno.land/x/crayon@3.3.2/src/styles.ts": "aa588b57b2c0482dc5c6f53109b4287831a9827c0aeef9a88129beae1172c1ee",
    "https://deno.land/x/crayon@3.3.2/src/util.ts": "af8884a917488de76ac0c2b92482093ade74514ece77a4c64e5eb5b0f6ed68e6",
    "https://deno.land/x/deno_graph@0.41.0/lib/deno_graph.generated.js": "788977173e8bfaffbed2dbf7ca8dd4bbb1527a05b01bf5c4f894e11aab57a9cc",
    "https://deno.land/x/deno_graph@0.41.0/lib/loader.ts": "380e37e71d0649eb50176a9786795988fc3c47063a520a54b616d7727b0f8629",
    "https://deno.land/x/deno_graph@0.41.0/lib/media_type.ts": "222626d524fa2f9ebcc0ec7c7a7d5dfc74cc401cc46790f7c5e0eab0b0787707",
    "https://deno.land/x/deno_graph@0.41.0/mod.ts": "10059d2ef75b8350f94f8811287e3d95636aaf940d06b12ea80f562c15e10345",
    "https://deno.land/x/hono@v3.2.7/client/client.ts": "7a819af2aa9aabc746add4d01715fa37f83676fdf1b63fba1bbcd655b2d066a5",
    "https://deno.land/x/hono@v3.2.7/client/index.ts": "3ff4cf246f3543f827a85a2c84d66a025ac350ee927613629bda47e854bfb7ba",
    "https://deno.land/x/hono@v3.2.7/client/utils.ts": "9f9825a3f96e0e332fa91f4cd1cfffe2ef9da796c58904941c8405e3f18bda07",
    "https://deno.land/x/hono@v3.2.7/compose.ts": "e55ed7be2134f363ff3c8e8e2f520ff682c6a11a47d7189100ed69704ce10b9e",
    "https://deno.land/x/hono@v3.2.7/context.ts": "a9d2dba3528df1a804d78630f867a8aaee2ebc8b498c5c781eeb057539dedb20",
    "https://deno.land/x/hono@v3.2.7/hono-base.ts": "4427026c68632e82e2f6df361cca1e0204da96ffc31b05ed653e62ae304899d0",
    "https://deno.land/x/hono@v3.2.7/hono.ts": "c185fae30dc3aa9966b0f3e8599f81314ba5e8621b907d27cffb77414a1c0908",
    "https://deno.land/x/hono@v3.2.7/http-exception.ts": "6071df078b5f76d279684d52fe82a590f447a64ffe1b75eb5064d0c8a8d2d676",
    "https://deno.land/x/hono@v3.2.7/middleware/logger/index.ts": "c139f372f482baeffbad68b14bef990e011fe8df578dcee71fb612ffad7fe748",
    "https://deno.land/x/hono@v3.2.7/mod.ts": "be5c09896830494225a12488e3e086b331b9c8829f66cc529cb8636a0c15f6fe",
    "https://deno.land/x/hono@v3.2.7/request.ts": "abbfbd63516c7ee60445b85a5ae8d45a8c9b4dc1a536af5cf84ff73b742ebda4",
    "https://deno.land/x/hono@v3.2.7/router.ts": "d03e2a9e862c898e8555b451ba80c65b1f39d487230815229e1f046dbd8546cb",
    "https://deno.land/x/hono@v3.2.7/router/linear-router/index.ts": "8a2a7144c50b1f4a92d9ee99c2c396716af144c868e10608255f969695efccd0",
    "https://deno.land/x/hono@v3.2.7/router/linear-router/router.ts": "90d4afc052b72f53dafbcf97fd32f24299b985f8a35dbdc70b28048201b3dcbc",
    "https://deno.land/x/hono@v3.2.7/router/pattern-router/index.ts": "304a66c50e243872037ed41c7dd79ed0c89d815e17e172e7ad7cdc4bc07d3383",
    "https://deno.land/x/hono@v3.2.7/router/pattern-router/router.ts": "38ffe40056f3aa7ecf441711d82af2d0357aae6c2fd168f534427579e89439f4",
    "https://deno.land/x/hono@v3.2.7/router/reg-exp-router/index.ts": "52755829213941756159b7a963097bafde5cc4fc22b13b1c7c9184dc0512d1db",
    "https://deno.land/x/hono@v3.2.7/router/reg-exp-router/node.ts": "8006b5bccb83d9fc98e0562a5545f6dd0be639ce445b089a6171c9c617aa8693",
    "https://deno.land/x/hono@v3.2.7/router/reg-exp-router/router.ts": "aeddd88e16a7ec3cf088a13ee952cfcb3319f97559767253e1a600f72fc70f27",
    "https://deno.land/x/hono@v3.2.7/router/reg-exp-router/trie.ts": "567493b301c44174f0895aedb8d055bbecf88f8a25626fa8ca61333bbd0c882c",
    "https://deno.land/x/hono@v3.2.7/router/smart-router/index.ts": "74f9b4fe15ea535900f2b9b048581915f12fe94e531dd2b0032f5610e61c3bef",
    "https://deno.land/x/hono@v3.2.7/router/smart-router/router.ts": "38209165dadea4182b42807a0a6c84a9258532a07ebf87262dc2b5b09d25a2a2",
    "https://deno.land/x/hono@v3.2.7/router/trie-router/index.ts": "3eb75e7f71ba81801631b30de6b1f5cefb2c7239c03797e2b2cbab5085911b41",
    "https://deno.land/x/hono@v3.2.7/router/trie-router/node.ts": "3e27c0ff9b1d677c4ab1fbf0895e81c8e3ba277c6c2ccbc68a98185b32040c95",
    "https://deno.land/x/hono@v3.2.7/router/trie-router/router.ts": "ad0b3fdabc33abd11a9f5819734aec743602a743cfc9f90ddad73787cd5e7727",
    "https://deno.land/x/hono@v3.2.7/types.ts": "d9733cf808ae9828fb12b62ff4decc23992da8f2050294a16e4af6d90db302f3",
    "https://deno.land/x/hono@v3.2.7/utils/body.ts": "67627aaac6ea8d3d2f2ffcb0aabccfe0c854ee11eaecd36dfcc2f012005337f7",
    "https://deno.land/x/hono@v3.2.7/utils/cookie.ts": "ff2f948c27fb8867fc990b1b6b182dfbe4c263c60a94cd33aefa77af5cdb1655",
    "https://deno.land/x/hono@v3.2.7/utils/filepath.ts": "5f708bb6a2f0b8e83a3333868ac86abdfba15e52b46acb5e13018fa2138f0826",
    "https://deno.land/x/hono@v3.2.7/utils/mime.ts": "e17bdbac85b97c3d223c48874c2abe867e0720461e9f7e0c340141c080b9c6d6",
    "https://deno.land/x/hono@v3.2.7/utils/url.ts": "40a4192da0a655a124c95063e0ab3924432805fcf45a3ffc8e4458029d609bbc",
    "https://deno.land/x/hono@v3.2.7/validator/index.ts": "6c986e8b91dcf857ecc8164a506ae8eea8665792a4ff7215471df669c632ae7c",
    "https://deno.land/x/hono@v3.2.7/validator/validator.ts": "e52183ddf8cefc3cfe2788802fe6ce766df8ac904df485107b01cbcca167dbad",
    "https://deno.land/x/mesozoic@v1.3.10/lib/builder.ts": "773afd2b77aebed5da77cd30f7f37f38c071e4b5dce38e434c2685e5f7ae6194",
    "https://deno.land/x/mesozoic@v1.3.10/lib/compiler.ts": "99cc0866b9072ad05459f100fa1ff6bcfaa9886ea05583e88570f35dd2338353",
    "https://deno.land/x/mesozoic@v1.3.10/lib/context.ts": "36fea6ae0671f3e1d8d6b3f6d071ed0776d751e66ee1b0641cbe3d9bea4bf03f",
    "https://deno.land/x/mesozoic@v1.3.10/lib/deps.ts": "579386f09dfc8d8c93bfffe003b7cded500c1b299f07255c35e3baff9f65eb84",
    "https://deno.land/x/mesozoic@v1.3.10/lib/entrypoint.ts": "af75a3f23506ae07090c08a452a28037d43810d34d3dd3640e6b5b52e994651e",
    "https://deno.land/x/mesozoic@v1.3.10/lib/fs.ts": "395fbb4dd98c2573e10b29677764eec7f9cd026ea90bc2243c430715f58e0c12",
    "https://deno.land/x/mesozoic@v1.3.10/lib/graph.ts": "6eaadeb7a214bee9c9c46c2b04f608db3ca46036edd7a3005d728591cacc94bb",
    "https://deno.land/x/mesozoic@v1.3.10/lib/graph/load.ts": "a04ad57ecf1f6af6f566755338e9f200abd0a4d1139dd1b582bd1a070dd522d6",
    "https://deno.land/x/mesozoic@v1.3.10/lib/graph/resolve.ts": "d03c1d589b515dc678f0550ff002a82f6c6b8df415995a085f493d16efb2100d",
    "https://deno.land/x/mesozoic@v1.3.10/lib/graph/specifiers.ts": "2c2b74eb5f8e5fae5d85aad87b3df0ccfe2f91dbc3fcd2d663f4d1129255d795",
    "https://deno.land/x/mesozoic@v1.3.10/lib/importMap.ts": "51fd12ac14a82de1bb4d9cbbe34002c373ed459f4b5b7fd5f2a316bf75a0b8ac",
    "https://deno.land/x/mesozoic@v1.3.10/lib/logger.ts": "ec55bf058fa2a2de1c5fba707bf02abe7304238148e829335861d2103ea096f9",
    "https://deno.land/x/mesozoic@v1.3.10/lib/patterns.ts": "103a531174142886f4091fab67893a1a25b5b0efa1683ff8c45316681bab6420",
    "https://deno.land/x/mesozoic@v1.3.10/lib/processor/css.ts": "ce1ef2ad7bef7b11c0595503d94806ff33c036580f1a8bf16f8f145a698ae2b0",
    "https://deno.land/x/mesozoic@v1.3.10/lib/sources/file.ts": "9f7ae986d04224487d70679e4a9d91200ec9faef9c47bba4dfce36dd1cbacd1f",
    "https://deno.land/x/mesozoic@v1.3.10/lib/sources/fileBag.ts": "f23264cada8564c941923671a3cdaede73b2d1764c5f89b4421ea45f6cdb1722",
    "https://deno.land/x/mesozoic@v1.3.10/lib/sources/path.ts": "c4b0c61f8ee8d6bf200477c059d4869ed11413af19374607b4d1e17398638151",
    "https://deno.land/x/mesozoic@v1.3.10/lib/sources/sourceFile.ts": "fbb79eef16aa339d471595cdb7a457bb5fbd2b76e44153158122312dd0b9f798",
    "https://deno.land/x/mesozoic@v1.3.10/lib/sources/virtualFile.ts": "bb1d162cbecff161159f619b8bfac19b1af7392dcddeb17a347bb09f306ddf23",
    "https://deno.land/x/mesozoic@v1.3.10/lib/swc_mesozoic.generated.js": "8731daaf903e695c445ae0a1d916ef0971df37de52cf971b7b73f506f90107b8",
    "https://deno.land/x/mesozoic@v1.3.10/lib/types.ts": "6f99e00faad5187dddafc1c0cadbcae0cd341e3010c262ca19b92682c9c6ebe8",
    "https://deno.land/x/mesozoic@v1.3.10/lib/utils.ts": "2ad84c3b2e5210e5c6157524b2d60fcdc950c450d56d01be2c107f8e1aa344eb",
    "https://deno.land/x/mesozoic@v1.3.10/lib/vendor.ts": "ad85b1be4a0351ba98f20fc9e83aadd77a2eb6811a6677b365832efac885e9e7",
    "https://deno.land/x/mesozoic@v1.3.10/mod.ts": "28855e57042bde289fa45172367435c9a94125ceb792ac3c12a13e1a3f0b797a",
    "https://deno.land/x/mesozoic@v1.3.10/version.ts": "fb6ef967136c04f52d0df6848ca03e43627e3bad52cca98ae2c153ff629d34e8",
    "https://deno.land/x/outdent@v0.8.0/mod.ts": "72630e680dcc36d5ae556fbff6900b12706c81a6fd592345fc98bcc0878fb3ca",
    "https://deno.land/x/outdent@v0.8.0/src/index.ts": "6dc3df4108d5d6fedcdb974844d321037ca81eaaa16be6073235ff3268841a22",
    "https://deno.land/x/tty@0.1.4/ansi_regex.ts": "1d3b0c7289164f93c9ebafe3bbd05a723568a250cc5c29c0cc922ff55af9a238",
    "https://deno.land/x/tty@0.1.4/combining.ts": "a615e9479d8bc901e3a727e5cae83c0aa1d4ca1e75fa040861d9905d16b30ffc",
    "https://deno.land/x/tty@0.1.4/is_interactive.ts": "37080d92399827215e60a57d97013aefbdbc038e7a5d2346abd298a7010525e6",
    "https://deno.land/x/tty@0.1.4/mod.ts": "65f44c03d7c3daee2b87c6a2a20b0653dec9e3b4ece8183bb0a82233a0e05ff0",
    "https://deno.land/x/tty@0.1.4/strip_ansi.ts": "6671d8d44da192a713aac06fb9a0959a3c0b11a161438fdf540856e2208857d9",
    "https://deno.land/x/tty@0.1.4/tty_async.ts": "cbcdc8132754084153680dd3fbc73acb58e0b9232aff09897a46edcf6f637967",
    "https://deno.land/x/tty@0.1.4/tty_sync.ts": "ad5d986dbd561e5768c49bf48a54580521bdfe95aa41869e8c84d99dbae0ff08",
    "https://deno.land/x/tty@0.1.4/util.ts": "fd50eb009b46f01461f3d38decaf4366c4970bbd818edc39b58a574efe67dbb7",
    "https://deno.land/x/tty@0.1.4/wcwidth.ts": "ab712adbbe4a07c27cc0ab89b99c3a77d28fe911c0fd1c8cebd867efc1fb4416",
    "https://deno.land/x/ultra@v2.3.8/hooks/asset-context.js": "8b314ac3d6b00c8431dc5f0fff6be37f7d22269676207a8d8c3bd1015aebd554",
    "https://deno.land/x/ultra@v2.3.8/hooks/data-stream-context.js": "5f7e472d0541b86f57b1c2beebcde14bbe4f0ad313d9461dc4b8b139c88e0eed",
    "https://deno.land/x/ultra@v2.3.8/hooks/env-context.js": "c0e22da5b3a5808090e87eee8c4d8b7b36970d3cbee3340f96703303bf0ddc72",
    "https://deno.land/x/ultra@v2.3.8/hooks/island-context.js": "4ff5aa2cb6a65c7f1f09d455399f2c26d05261e9bbd8feda9254411a960c42fc",
    "https://deno.land/x/ultra@v2.3.8/hooks/server-context.js": "2677897571e8090e30366e619d7464b9b7129d5c65504660ab3f40067632fb3a",
    "https://deno.land/x/ultra@v2.3.8/hooks/server-inserted-html-context.js": "4b34be942dcb7432c489dab2b9d7f5a4858c8859a2a1e876073be1e4f5324783",
    "https://deno.land/x/ultra@v2.3.8/hooks/use-asset.js": "8470cd356cf7436efeadff5ba4ab70ef1431a24b5878ca172a1eec50fb99bbbe",
    "https://deno.land/x/ultra@v2.3.8/hooks/use-server-inserted-html.js": "d9a6735e13ce5452177990d8548462128e43391428dad6e5101aac7ef4668e18",
    "https://deno.land/x/ultra@v2.3.8/lib/build/deps.ts": "308cad1c91e2edbd30466c4b013bd32f1bd529e32c71421448f1b65a2daa8b87",
    "https://deno.land/x/ultra@v2.3.8/lib/constants.ts": "d98765e2be05f1cbaf4341b5245ee338e7a86d35a283504d598860ca8b8e12e7",
    "https://deno.land/x/ultra@v2.3.8/lib/context/asset.ts": "3fb3ba2cf10e9af326172f1dd446c1bc5257f0ba519f16002db0111311a0e6d9",
    "https://deno.land/x/ultra@v2.3.8/lib/context/dataStream.ts": "97f794fb6fa6cdf04ce4dfb79d08e8369405b5e11f0328223b3a96e17a690af8",
    "https://deno.land/x/ultra@v2.3.8/lib/context/env.ts": "ecf8f17f829a90e0b46d5192d5348fb9a68f6cde32d1a3b3723ce6bc1cdd264b",
    "https://deno.land/x/ultra@v2.3.8/lib/context/island.ts": "275eebd359361b912daa892b351323454abc40ec1889401f06203e1248383fe9",
    "https://deno.land/x/ultra@v2.3.8/lib/context/server.ts": "53f45cc6c91e2076ba2e27ffd310668acefc26c8b74fbcd6b61c915d99e0a732",
    "https://deno.land/x/ultra@v2.3.8/lib/context/serverInsertedHtml.ts": "4e29c219a35300617e58d1a51f8e9f34e554d001c44daea2b8d9c35fde4e0bd1",
    "https://deno.land/x/ultra@v2.3.8/lib/deps.ts": "fcff0b702216e6362844abdc5feb5042e16b3d1bffaaf4d6419ba3993003414e",
    "https://deno.land/x/ultra@v2.3.8/lib/dev/ensureMinDenoVersion.ts": "da04f56588eb1c9ae9491eaa979b3724d1ea3a7c5bceeae44ebb51cd75f24c2a",
    "https://deno.land/x/ultra@v2.3.8/lib/logger.ts": "f95f0dbb4e84c91f360996ee391be9a2d1101a808e3be159296ce01aacf56842",
    "https://deno.land/x/ultra@v2.3.8/lib/middleware/compiler.ts": "21e75037b6947176df423622969f3cec2cdfdaba303bb5b5b39ee4738d88423b",
    "https://deno.land/x/ultra@v2.3.8/lib/middleware/serveStatic.ts": "7c6f848ec137f137c08d132804bf80fd5afbdc23a62eda3504053744b62b0ade",
    "https://deno.land/x/ultra@v2.3.8/lib/provider.ts": "ae5153be82d7d4ea3cfb50cdac796f99163abd79be997ffcb27ca48a4196545a",
    "https://deno.land/x/ultra@v2.3.8/lib/render.ts": "c60610bebf067b9aaec486594b8f4921a35b48f2d0c96ed5c836bd648005365e",
    "https://deno.land/x/ultra@v2.3.8/lib/server.ts": "85f24255dc369a4e99edc1dcd3f6090faa13e409ff88fc4dddf9e1a75533b659",
    "https://deno.land/x/ultra@v2.3.8/lib/stream.ts": "b8be1574b1dea453ec3c00443438b0411679b6a12ae410c79c8c3bb54bb0d1ed",
    "https://deno.land/x/ultra@v2.3.8/lib/types.ts": "931a1fac0bbb59dab83ffaea0dc3f03dc5cef39b45e8a171edf4d0ea6ba411c3",
    "https://deno.land/x/ultra@v2.3.8/lib/ultra.ts": "232f911668106ab5b2e2bd229cdbd12fbd6ffc129426515a2616a4ec1f3d2c11",
    "https://deno.land/x/ultra@v2.3.8/lib/utils/import-map.ts": "b72b5479e393005bbd1702fead415381440f75cc57c6e78352a5771e69fecbb1",
    "https://deno.land/x/ultra@v2.3.8/lib/utils/non-nullable.ts": "12ad6962526d24ba97067e8e6ca3446e7cbd847ca6014168f87be15449f8389a",
    "https://deno.land/x/ultra@v2.3.8/lib/utils/url.ts": "bed727fb678cc5018e9955da7659a15e41d350bf713aa64668533aa7e62c4733",
    "https://deno.land/x/ultra@v2.3.8/server.ts": "789d1063d1fecb6e7bfc2d3c9a3a02d93656572bef52865c50d9cee6d4f2c3e8",
    "https://deno.land/x/wait@0.1.12/deps.ts": "5e26f3a59058cd8870ff0168340a1808c13fef289940ecc8c96e46a89a17514d",
    "https://deno.land/x/wait@0.1.12/log_symbols.ts": "cdf2d0aa44754d10fddd55999e933886a4d753f2acfc1219f629427ccc776ac7",
    "https://deno.land/x/wait@0.1.12/mod.ts": "83211441439cd0f794f4e95fbb6c766929dd6886169100d3bdf2ea1ea5e3adfe",
    "https://deno.land/x/wait@0.1.12/spinners.ts": "289346d54f8d6152a5dcd67b67e47784cf9b7a8a8f6f0b6dc041ebc2ef6bb76c",
    "https://esm.sh/@tanstack/react-query@4.2.3?external=react": "fb242aa2ef7b0d86b59ca1e0c083d94f2be6db4d8fc983613dc43837479ea525",
    "https://esm.sh/react-dom@18.2.0/server?dev": "7f268a5f06a3f9b45bb8065e321e71c492dc08103bd79261e7d9b95846973b12",
    "https://esm.sh/react-helmet-async@1.3.0?external=react": "97b679a966ffc6b001765259f6529eae7beba5c82f5dfc3e134e08a76de1ba50",
    "https://esm.sh/react@18.2.0/jsx-dev-runtime": "bbba7059cea5ab290b0878f767f42599637c97431d3234b89b08bfaed22a371b",
    "https://esm.sh/react@18.2.0?dev": "1fe185734f3d77826efb78a22779899d143bb1160baaf5bbf01edee9f4eaa9d5",
    "https://esm.sh/stable/react@18.2.0/denonext/jsx-dev-runtime.development.js": "24a5496e62e654f88d17e7d70c43f65086d228410bd3b94874f49d6cf6e595e6",
    "https://esm.sh/stable/react@18.2.0/denonext/react.development.mjs": "88729b33eccbea2c09894f07459f32911777721a3b50fd32151182e82c4351e2",
    "https://esm.sh/v122/lightningcss-wasm@1.21.0/denonext/browserslistToTargets.js": "8793a933030cf1b7d55a89810259547bff1a959f829604b2155f1f934b5b3d59",
    "https://esm.sh/v122/lightningcss-wasm@1.21.0/denonext/flags.js": "83a70882164acf6f5e97472833fcb17e2ad6b59c8e6295d950bac47b5af43db9",
    "https://esm.sh/v122/lightningcss-wasm@1.21.0/denonext/index.js": "b7a411a6e4e9d51b02267632593a801ad1037e54a32647976722bbbe635c4f12",
    "https://esm.sh/v122/lightningcss-wasm@1.21.0/index.js": "5226bd21188e59e0ae189d89be895da9e4182e024d6ac631dde9ce2ba700a59b",
    "https://esm.sh/v122/napi-wasm@1.0.1/denonext/napi-wasm.mjs": "6b575afbc42b0dfe8cea2ffe0653bf626bd2c1507f752079d13059042e96789a",
    "https://esm.sh/v127/@import-maps/resolve@1.0.1": "503a4c707946c647e9128a70910dbb140adbf1cb45c68b4f6a18ba8b4be6975c",
    "https://esm.sh/v127/@import-maps/resolve@1.0.1/denonext/resolve.mjs": "6d3727dfc1dfd5c3f427c532ed8d049e5d8ab88ecfd3e26fd4a30595ce068fc2",
    "https://esm.sh/v127/es-module-lexer@1.3.0": "dfbfb8b3aac6b263180291c46ae17120af970f4b7511f47175e0e7ab8aef5ec4",
    "https://esm.sh/v127/es-module-lexer@1.3.0/denonext/es-module-lexer.mjs": "558acc7e410886b9eac36d391488e5650b20da59c19f2a279fac41dc85412006",
    "https://esm.sh/v132/@tanstack/react-query@4.2.3/X-ZS9yZWFjdA/denonext/react-query.mjs": "2a003d99e4503af626a2acb56e911729f8375cf1c211e9a42203a7e209d3db0f",
    "https://esm.sh/v132/invariant@2.2.4/X-ZS9yZWFjdA/denonext/invariant.mjs": "fcf7a53f16a96740b75bf4e8a75811cbd7ad32c20b3734ece0da4c46b67c40d2",
    "https://esm.sh/v132/prop-types@15.8.1/X-ZS9yZWFjdA/denonext/prop-types.mjs": "c4ce53e88327d3911a960c3f34e76f114fce31a9e45139427a0df4fad24c1bd5",
    "https://esm.sh/v132/react-dom@18.2.0/denonext/server.development.js": "188230d8d17af6daeb087ed5e713c05decdde994d3c6bc758b9f71fea13c1651",
    "https://esm.sh/v132/react-fast-compare@3.2.2/X-ZS9yZWFjdA/denonext/react-fast-compare.mjs": "a209b1b9f140bab2f35e4d4e97ccdde0c9ab8de6f61a55186748aec7a2b8f68c",
    "https://esm.sh/v132/react-helmet-async@1.3.0/X-ZS9yZWFjdA/denonext/react-helmet-async.mjs": "4f1b3cfe3cd411de480e17c020006ceac9dd367d9efeac74b1648a19fa7c4e3e",
    "https://esm.sh/v132/shallowequal@1.1.0/X-ZS9yZWFjdA/denonext/shallowequal.mjs": "3a621141e773a2b5504d531378148a7cb8c202bf4ee64cb2a80f887b9932e735",
    "https://esm.sh/v132/use-sync-external-store@1.2.0/X-ZS9yZWFjdA/denonext/shim.js": "37e3c7d40c8197daac8a39b77b97e026fcbc5ee3cc80c48a9057473631dcb247",
    "https://esm.sh/v132/wouter@2.9.2/X-ZS9yZWFjdA/denonext/static-location.js": "730fcda9840e820ad1be4ee1b9213a18fbe5049b2b83c93ff88bbe5863c5a0b4",
    "https://esm.sh/v132/wouter@2.9.2/X-ZS9yZWFjdA/denonext/wouter.mjs": "3802b7412704e1d2a7be6ec59849e52f25c773ec38881034d7fced3527c5dd9b",
    "https://esm.sh/wouter@2.9.2/static-location?external=react": "c94ee2227d28fb2da9df476b74bef2edcf56899e6398feebea1b000f3ca7d58d",
    "https://esm.sh/wouter@2.9.2?external=react": "285a8e313b91dac5516d3d461ee131bbf7d397c6af213d711377af75e1fc49c0"
  },
  "npm": {
    "specifiers": {
      "@types/node": "@types/node@18.11.18"
    },
    "packages": {
      "@types/node@18.11.18": {
        "integrity": "sha512-DHQpWGjyQKSHj3ebjFI/wRKcqQcdR+MoFBygntYOZytCqNfkd2ZC4ARDJ2DQqhjH5p85Nnd3jhUJIXrszFX/JA==",
        "dependencies": {}
      }
    }
  }
}
